PODS:
  - fl_gemini_ios (0.0.1):
    - Flutter
  - Flutter (1.0.0)

DEPENDENCIES:
  - fl_gemini_ios (from `.symlinks/plugins/fl_gemini_ios/ios`)
  - Flutter (from `Flutter`)

EXTERNAL SOURCES:
  fl_gemini_ios:
    :path: ".symlinks/plugins/fl_gemini_ios/ios"
  Flutter:
    :path: Flutter

SPEC CHECKSUMS:
  fl_gemini_ios: dd25393279a209770e938aaec83a1f9dbc7aafc8
  Flutter: f04841e97a9d0b0a8025694d0796dd46242b2854

PODFILE CHECKSUM: 70d9d25280d0dd177a5f637cdb0f0b0b12c6a189

COCOAPODS: 1.14.3
